// !$*UTF8*$!
{
	archiveVersion = 1;
	classes = {
	};
	objectVersion = 50;
	objects = {

/* Begin PBXBuildFile section */
		5782C8BF7F4A52448E377B69 /* Pods_BetaGo.framework in Frameworks */ = {isa = PBXBuildFile; fileRef = 85CC8F9D01B904208325C6DD /* Pods_BetaGo.framework */; };
		B872AC7E2238D37F00C5A33B /* Assets.xcassets in Resources */ = {isa = PBXBuildFile; fileRef = B872AC3C2238D37E00C5A33B /* Assets.xcassets */; };
		B872AC7F2238D37F00C5A33B /* UIImage+AV.m in Sources */ = {isa = PBXBuildFile; fileRef = B872AC3E2238D37E00C5A33B /* UIImage+AV.m */; };
		B872AC802238D37F00C5A33B /* H264VideoParser.m in Sources */ = {isa = PBXBuildFile; fileRef = B872AC3F2238D37E00C5A33B /* H264VideoParser.m */; };
		B872AC812238D37F00C5A33B /* YFUtil.m in Sources */ = {isa = PBXBuildFile; fileRef = B872AC412238D37E00C5A33B /* YFUtil.m */; };
		B872AC822238D37F00C5A33B /* conf.plist in Resources */ = {isa = PBXBuildFile; fileRef = B872AC422238D37E00C5A33B /* conf.plist */; };
		B872AC832238D37F00C5A33B /* BCBaseHttpClient.m in Sources */ = {isa = PBXBuildFile; fileRef = B872AC462238D37E00C5A33B /* BCBaseHttpClient.m */; };
		B872AC842238D37F00C5A33B /* cons.plist in Resources */ = {isa = PBXBuildFile; fileRef = B872AC472238D37E00C5A33B /* cons.plist */; };
		B872AC852238D37F00C5A33B /* LaunchScreen.storyboard in Resources */ = {isa = PBXBuildFile; fileRef = B872AC4B2238D37E00C5A33B /* LaunchScreen.storyboard */; };
		B872AC862238D37F00C5A33B /* Main.storyboard in Resources */ = {isa = PBXBuildFile; fileRef = B872AC4D2238D37E00C5A33B /* Main.storyboard */; };
		B872AC872238D37F00C5A33B /* main.m in Sources */ = {isa = PBXBuildFile; fileRef = B872AC4F2238D37E00C5A33B /* main.m */; };
		B872AC882238D37F00C5A33B /* AppDelegate.m in Sources */ = {isa = PBXBuildFile; fileRef = B872AC502238D37E00C5A33B /* AppDelegate.m */; };
		B872AC8A2238D37F00C5A33B /* mystring.strings in Resources */ = {isa = PBXBuildFile; fileRef = B872AC522238D37E00C5A33B /* mystring.strings */; };
		B872AC8B2238D37F00C5A33B /* YFMatch.m in Sources */ = {isa = PBXBuildFile; fileRef = B872AC572238D37E00C5A33B /* YFMatch.m */; };
		B872AC8C2238D37F00C5A33B /* YFChess.m in Sources */ = {isa = PBXBuildFile; fileRef = B872AC5A2238D37E00C5A33B /* YFChess.m */; };
		B872AC8D2238D37F00C5A33B /* YFChessBoard.m in Sources */ = {isa = PBXBuildFile; fileRef = B872AC5B2238D37E00C5A33B /* YFChessBoard.m */; };
		B872AC8E2238D37F00C5A33B /* YFGoMainVC.m in Sources */ = {isa = PBXBuildFile; fileRef = B872AC5E2238D37E00C5A33B /* YFGoMainVC.m */; };
		B872AC8F2238D37F00C5A33B /* YFChessBoradView.m in Sources */ = {isa = PBXBuildFile; fileRef = B872AC622238D37E00C5A33B /* YFChessBoradView.m */; };
		B872AC902238D37F00C5A33B /* YFChessBtn.m in Sources */ = {isa = PBXBuildFile; fileRef = B872AC632238D37E00C5A33B /* YFChessBtn.m */; };
		B872AC912238D37F00C5A33B /* MenuList.plist in Resources */ = {isa = PBXBuildFile; fileRef = B872AC662238D37E00C5A33B /* MenuList.plist */; };
		B872AC922238D37F00C5A33B /* BCMenuMod.m in Sources */ = {isa = PBXBuildFile; fileRef = B872AC682238D37E00C5A33B /* BCMenuMod.m */; };
		B872AC932238D37F00C5A33B /* BCMenuList.m in Sources */ = {isa = PBXBuildFile; fileRef = B872AC692238D37E00C5A33B /* BCMenuList.m */; };
		B872AC942238D37F00C5A33B /* BCLeftMenuVC.m in Sources */ = {isa = PBXBuildFile; fileRef = B872AC6D2238D37E00C5A33B /* BCLeftMenuVC.m */; };
		B872AC952238D37F00C5A33B /* YFNavVC.m in Sources */ = {isa = PBXBuildFile; fileRef = B872AC6E2238D37E00C5A33B /* YFNavVC.m */; };
		B872AC962238D37F00C5A33B /* YFMainVC2.m in Sources */ = {isa = PBXBuildFile; fileRef = B872AC702238D37E00C5A33B /* YFMainVC2.m */; };
		B872AC972238D37F00C5A33B /* YFMainNav.m in Sources */ = {isa = PBXBuildFile; fileRef = B872AC722238D37E00C5A33B /* YFMainNav.m */; };
		B872AC982238D37F00C5A33B /* YFBasicVC.m in Sources */ = {isa = PBXBuildFile; fileRef = B872AC762238D37E00C5A33B /* YFBasicVC.m */; };
		B872AC992238D37F00C5A33B /* BCUserInfoCell.m in Sources */ = {isa = PBXBuildFile; fileRef = B872AC7A2238D37E00C5A33B /* BCUserInfoCell.m */; };
		B872AC9A2238D37F00C5A33B /* BCCoverView.m in Sources */ = {isa = PBXBuildFile; fileRef = B872AC7B2238D37E00C5A33B /* BCCoverView.m */; };
		B872AC9B2238D37F00C5A33B /* BCMenuCell.m in Sources */ = {isa = PBXBuildFile; fileRef = B872AC7C2238D37E00C5A33B /* BCMenuCell.m */; };
		B882CEDE2264331000F00F0A /* M1BaseDialogVC.m in Sources */ = {isa = PBXBuildFile; fileRef = B882CEDD2264331000F00F0A /* M1BaseDialogVC.m */; };
		B882CEE12264334000F00F0A /* YFGoSettingVC.m in Sources */ = {isa = PBXBuildFile; fileRef = B882CEDF2264334000F00F0A /* YFGoSettingVC.m */; };
		B882CEE72264671700F00F0A /* YFMatchSettingVM.m in Sources */ = {isa = PBXBuildFile; fileRef = B882CEE62264671700F00F0A /* YFMatchSettingVM.m */; };
		B882CEEA226566AD00F00F0A /* YFMatchList.m in Sources */ = {isa = PBXBuildFile; fileRef = B882CEE9226566AD00F00F0A /* YFMatchList.m */; };
		B882CEED22656C4C00F00F0A /* BCCommonNoContentVC.m in Sources */ = {isa = PBXBuildFile; fileRef = B882CEEB22656C4B00F00F0A /* BCCommonNoContentVC.m */; };
		B882CEF022656C8800F00F0A /* BCNoContentView.m in Sources */ = {isa = PBXBuildFile; fileRef = B882CEEE22656C8800F00F0A /* BCNoContentView.m */; };
		B882CEF62265DAAB00F00F0A /* YFMatchListCell.m in Sources */ = {isa = PBXBuildFile; fileRef = B882CEF52265DAAB00F00F0A /* YFMatchListCell.m */; };
		B882CEF92265DC4C00F00F0A /* YFMatchListVC.m in Sources */ = {isa = PBXBuildFile; fileRef = B882CEF82265DC4C00F00F0A /* YFMatchListVC.m */; };
		B882CEFC2265E8E600F00F0A /* YFMatchInfoVC.m in Sources */ = {isa = PBXBuildFile; fileRef = B882CEFB2265E8E600F00F0A /* YFMatchInfoVC.m */; };
		B882CEFF2265EA6E00F00F0A /* BCSettingBaseVC.m in Sources */ = {isa = PBXBuildFile; fileRef = B882CEFE2265EA6E00F00F0A /* BCSettingBaseVC.m */; };
		B882CF042265EAB400F00F0A /* BCCommonTvModel.m in Sources */ = {isa = PBXBuildFile; fileRef = B882CF002265EAB400F00F0A /* BCCommonTvModel.m */; };
		B882CF052265EAB400F00F0A /* BCCommonSettingMod.m in Sources */ = {isa = PBXBuildFile; fileRef = B882CF022265EAB400F00F0A /* BCCommonSettingMod.m */; };
		B882CF082265EB1700F00F0A /* BCCommonSettingCell.m in Sources */ = {isa = PBXBuildFile; fileRef = B882CF072265EB1700F00F0A /* BCCommonSettingCell.m */; };
		B882CF0D2265EBCC00F00F0A /* BCCountTextView.m in Sources */ = {isa = PBXBuildFile; fileRef = B882CF0B2265EBCB00F00F0A /* BCCountTextView.m */; };
		B882CF0E2265EBCC00F00F0A /* BCCustTextView.m in Sources */ = {isa = PBXBuildFile; fileRef = B882CF0C2265EBCC00F00F0A /* BCCustTextView.m */; };
		B882CF112265EBD700F00F0A /* BCImgAttach.m in Sources */ = {isa = PBXBuildFile; fileRef = B882CF102265EBD700F00F0A /* BCImgAttach.m */; };
		B882CF132265ECFE00F00F0A /* YFMatchInfoVC.plist in Resources */ = {isa = PBXBuildFile; fileRef = B882CF122265ECFE00F00F0A /* YFMatchInfoVC.plist */; };
		B882CF162265ED5500F00F0A /* YFMatchInfoCell.m in Sources */ = {isa = PBXBuildFile; fileRef = B882CF152265ED5500F00F0A /* YFMatchInfoCell.m */; };
		B8D33863225B68890049F846 /* YFChessFragment.m in Sources */ = {isa = PBXBuildFile; fileRef = B8D33862225B68890049F846 /* YFChessFragment.m */; };
		B8D33866225C61990049F846 /* YFPlayerView.m in Sources */ = {isa = PBXBuildFile; fileRef = B8D33865225C61990049F846 /* YFPlayerView.m */; };
		B8D33869225C62490049F846 /* YFPlayer.m in Sources */ = {isa = PBXBuildFile; fileRef = B8D33868225C62490049F846 /* YFPlayer.m */; };
		B8D3386D225C7AD10049F846 /* GoConst.m in Sources */ = {isa = PBXBuildFile; fileRef = B8D3386C225C7AD10049F846 /* GoConst.m */; };
		B8D33870225C95A60049F846 /* YFGoUtil.m in Sources */ = {isa = PBXBuildFile; fileRef = B8D3386F225C95A50049F846 /* YFGoUtil.m */; };
		B8D33873225CAFE00049F846 /* YFPlayersView.m in Sources */ = {isa = PBXBuildFile; fileRef = B8D33872225CAFE00049F846 /* YFPlayersView.m */; };
		B8D33875225CCB0F0049F846 /* main_bg.jpeg in Resources */ = {isa = PBXBuildFile; fileRef = B8D33874225CCB0F0049F846 /* main_bg.jpeg */; };
		B8D33878225DA04B0049F846 /* YFGoDashBoard.m in Sources */ = {isa = PBXBuildFile; fileRef = B8D33877225DA04B0049F846 /* YFGoDashBoard.m */; };
/* End PBXBuildFile section */

/* Begin PBXFileReference section */
		1AA02FEEB09F26E57E2B9677 /* Pods-BetaGo.release.xcconfig */ = {isa = PBXFileReference; includeInIndex = 1; lastKnownFileType = text.xcconfig; name = "Pods-BetaGo.release.xcconfig"; path = "Target Support Files/Pods-BetaGo/Pods-BetaGo.release.xcconfig"; sourceTree = "<group>"; };
		85CC8F9D01B904208325C6DD /* Pods_BetaGo.framework */ = {isa = PBXFileReference; explicitFileType = wrapper.framework; includeInIndex = 0; path = Pods_BetaGo.framework; sourceTree = BUILT_PRODUCTS_DIR; };
		B26F6D0C26F3F7338BCF92D0 /* Pods-BetaGo.debug.xcconfig */ = {isa = PBXFileReference; includeInIndex = 1; lastKnownFileType = text.xcconfig; name = "Pods-BetaGo.debug.xcconfig"; path = "Target Support Files/Pods-BetaGo/Pods-BetaGo.debug.xcconfig"; sourceTree = "<group>"; };
		B872ABB02230AB3100C5A33B /* BetaGo.app */ = {isa = PBXFileReference; explicitFileType = wrapper.application; includeInIndex = 0; path = BetaGo.app; sourceTree = BUILT_PRODUCTS_DIR; };
		B872AC3C2238D37E00C5A33B /* Assets.xcassets */ = {isa = PBXFileReference; lastKnownFileType = folder.assetcatalog; path = Assets.xcassets; sourceTree = "<group>"; };
		B872AC3E2238D37E00C5A33B /* UIImage+AV.m */ = {isa = PBXFileReference; fileEncoding = 4; lastKnownFileType = sourcecode.c.objc; path = "UIImage+AV.m"; sourceTree = "<group>"; };
		B872AC3F2238D37E00C5A33B /* H264VideoParser.m */ = {isa = PBXFileReference; fileEncoding = 4; lastKnownFileType = sourcecode.c.objc; path = H264VideoParser.m; sourceTree = "<group>"; };
		B872AC402238D37E00C5A33B /* BCBaseHttpClient.h */ = {isa = PBXFileReference; fileEncoding = 4; lastKnownFileType = sourcecode.c.h; path = BCBaseHttpClient.h; sourceTree = "<group>"; };
		B872AC412238D37E00C5A33B /* YFUtil.m */ = {isa = PBXFileReference; fileEncoding = 4; lastKnownFileType = sourcecode.c.objc; path = YFUtil.m; sourceTree = "<group>"; };
		B872AC422238D37E00C5A33B /* conf.plist */ = {isa = PBXFileReference; fileEncoding = 4; lastKnownFileType = text.plist.xml; path = conf.plist; sourceTree = "<group>"; };
		B872AC432238D37E00C5A33B /* H264VideoParser.h */ = {isa = PBXFileReference; fileEncoding = 4; lastKnownFileType = sourcecode.c.h; path = H264VideoParser.h; sourceTree = "<group>"; };
		B872AC442238D37E00C5A33B /* UIImage+AV.h */ = {isa = PBXFileReference; fileEncoding = 4; lastKnownFileType = sourcecode.c.h; path = "UIImage+AV.h"; sourceTree = "<group>"; };
		B872AC452238D37E00C5A33B /* YFUtil.h */ = {isa = PBXFileReference; fileEncoding = 4; lastKnownFileType = sourcecode.c.h; path = YFUtil.h; sourceTree = "<group>"; };
		B872AC462238D37E00C5A33B /* BCBaseHttpClient.m */ = {isa = PBXFileReference; fileEncoding = 4; lastKnownFileType = sourcecode.c.objc; path = BCBaseHttpClient.m; sourceTree = "<group>"; };
		B872AC472238D37E00C5A33B /* cons.plist */ = {isa = PBXFileReference; fileEncoding = 4; lastKnownFileType = text.plist.xml; path = cons.plist; sourceTree = "<group>"; };
		B872AC482238D37E00C5A33B /* PrefixHeader.pch */ = {isa = PBXFileReference; fileEncoding = 4; lastKnownFileType = sourcecode.c.h; path = PrefixHeader.pch; sourceTree = "<group>"; };
		B872AC4A2238D37E00C5A33B /* AppDelegate.h */ = {isa = PBXFileReference; fileEncoding = 4; lastKnownFileType = sourcecode.c.h; path = AppDelegate.h; sourceTree = "<group>"; };
		B872AC4C2238D37E00C5A33B /* Base */ = {isa = PBXFileReference; lastKnownFileType = file.storyboard; name = Base; path = Base.lproj/LaunchScreen.storyboard; sourceTree = "<group>"; };
		B872AC4E2238D37E00C5A33B /* Base */ = {isa = PBXFileReference; lastKnownFileType = file.storyboard; name = Base; path = Base.lproj/Main.storyboard; sourceTree = "<group>"; };
		B872AC4F2238D37E00C5A33B /* main.m */ = {isa = PBXFileReference; fileEncoding = 4; lastKnownFileType = sourcecode.c.objc; path = main.m; sourceTree = "<group>"; };
		B872AC502238D37E00C5A33B /* AppDelegate.m */ = {isa = PBXFileReference; fileEncoding = 4; lastKnownFileType = sourcecode.c.objc; path = AppDelegate.m; sourceTree = "<group>"; };
		B872AC512238D37E00C5A33B /* Info.plist */ = {isa = PBXFileReference; fileEncoding = 4; lastKnownFileType = text.plist.xml; path = Info.plist; sourceTree = "<group>"; };
		B872AC522238D37E00C5A33B /* mystring.strings */ = {isa = PBXFileReference; fileEncoding = 4; lastKnownFileType = text.plist.strings; path = mystring.strings; sourceTree = "<group>"; };
		B872AC562238D37E00C5A33B /* YFChess.h */ = {isa = PBXFileReference; fileEncoding = 4; lastKnownFileType = sourcecode.c.h; path = YFChess.h; sourceTree = "<group>"; };
		B872AC572238D37E00C5A33B /* YFMatch.m */ = {isa = PBXFileReference; fileEncoding = 4; lastKnownFileType = sourcecode.c.objc; path = YFMatch.m; sourceTree = "<group>"; };
		B872AC582238D37E00C5A33B /* YFChessBoard.h */ = {isa = PBXFileReference; fileEncoding = 4; lastKnownFileType = sourcecode.c.h; path = YFChessBoard.h; sourceTree = "<group>"; };
		B872AC592238D37E00C5A33B /* YFMatch.h */ = {isa = PBXFileReference; fileEncoding = 4; lastKnownFileType = sourcecode.c.h; path = YFMatch.h; sourceTree = "<group>"; };
		B872AC5A2238D37E00C5A33B /* YFChess.m */ = {isa = PBXFileReference; fileEncoding = 4; lastKnownFileType = sourcecode.c.objc; path = YFChess.m; sourceTree = "<group>"; };
		B872AC5B2238D37E00C5A33B /* YFChessBoard.m */ = {isa = PBXFileReference; fileEncoding = 4; lastKnownFileType = sourcecode.c.objc; path = YFChessBoard.m; sourceTree = "<group>"; };
		B872AC5D2238D37E00C5A33B /* YFGoMainVC.h */ = {isa = PBXFileReference; fileEncoding = 4; lastKnownFileType = sourcecode.c.h; path = YFGoMainVC.h; sourceTree = "<group>"; };
		B872AC5E2238D37E00C5A33B /* YFGoMainVC.m */ = {isa = PBXFileReference; fileEncoding = 4; lastKnownFileType = sourcecode.c.objc; path = YFGoMainVC.m; sourceTree = "<group>"; };
		B872AC602238D37E00C5A33B /* YFChessBtn.h */ = {isa = PBXFileReference; fileEncoding = 4; lastKnownFileType = sourcecode.c.h; path = YFChessBtn.h; sourceTree = "<group>"; };
		B872AC612238D37E00C5A33B /* YFChessBoradView.h */ = {isa = PBXFileReference; fileEncoding = 4; lastKnownFileType = sourcecode.c.h; path = YFChessBoradView.h; sourceTree = "<group>"; };
		B872AC622238D37E00C5A33B /* YFChessBoradView.m */ = {isa = PBXFileReference; fileEncoding = 4; lastKnownFileType = sourcecode.c.objc; path = YFChessBoradView.m; sourceTree = "<group>"; };
		B872AC632238D37E00C5A33B /* YFChessBtn.m */ = {isa = PBXFileReference; fileEncoding = 4; lastKnownFileType = sourcecode.c.objc; path = YFChessBtn.m; sourceTree = "<group>"; };
		B872AC662238D37E00C5A33B /* MenuList.plist */ = {isa = PBXFileReference; fileEncoding = 4; lastKnownFileType = text.plist.xml; path = MenuList.plist; sourceTree = "<group>"; };
		B872AC682238D37E00C5A33B /* BCMenuMod.m */ = {isa = PBXFileReference; fileEncoding = 4; lastKnownFileType = sourcecode.c.objc; path = BCMenuMod.m; sourceTree = "<group>"; };
		B872AC692238D37E00C5A33B /* BCMenuList.m */ = {isa = PBXFileReference; fileEncoding = 4; lastKnownFileType = sourcecode.c.objc; path = BCMenuList.m; sourceTree = "<group>"; };
		B872AC6A2238D37E00C5A33B /* BCMenuMod.h */ = {isa = PBXFileReference; fileEncoding = 4; lastKnownFileType = sourcecode.c.h; path = BCMenuMod.h; sourceTree = "<group>"; };
		B872AC6B2238D37E00C5A33B /* BCMenuList.h */ = {isa = PBXFileReference; fileEncoding = 4; lastKnownFileType = sourcecode.c.h; path = BCMenuList.h; sourceTree = "<group>"; };
		B872AC6D2238D37E00C5A33B /* BCLeftMenuVC.m */ = {isa = PBXFileReference; fileEncoding = 4; lastKnownFileType = sourcecode.c.objc; path = BCLeftMenuVC.m; sourceTree = "<group>"; };
		B872AC6E2238D37E00C5A33B /* YFNavVC.m */ = {isa = PBXFileReference; fileEncoding = 4; lastKnownFileType = sourcecode.c.objc; path = YFNavVC.m; sourceTree = "<group>"; };
		B872AC6F2238D37E00C5A33B /* YFMainNav.h */ = {isa = PBXFileReference; fileEncoding = 4; lastKnownFileType = sourcecode.c.h; path = YFMainNav.h; sourceTree = "<group>"; };
		B872AC702238D37E00C5A33B /* YFMainVC2.m */ = {isa = PBXFileReference; fileEncoding = 4; lastKnownFileType = sourcecode.c.objc; path = YFMainVC2.m; sourceTree = "<group>"; };
		B872AC712238D37E00C5A33B /* YFBasicVC.h */ = {isa = PBXFileReference; fileEncoding = 4; lastKnownFileType = sourcecode.c.h; path = YFBasicVC.h; sourceTree = "<group>"; };
		B872AC722238D37E00C5A33B /* YFMainNav.m */ = {isa = PBXFileReference; fileEncoding = 4; lastKnownFileType = sourcecode.c.objc; path = YFMainNav.m; sourceTree = "<group>"; };
		B872AC732238D37E00C5A33B /* YFNavVC.h */ = {isa = PBXFileReference; fileEncoding = 4; lastKnownFileType = sourcecode.c.h; path = YFNavVC.h; sourceTree = "<group>"; };
		B872AC742238D37E00C5A33B /* BCLeftMenuVC.h */ = {isa = PBXFileReference; fileEncoding = 4; lastKnownFileType = sourcecode.c.h; path = BCLeftMenuVC.h; sourceTree = "<group>"; };
		B872AC752238D37E00C5A33B /* YFMainVC2.h */ = {isa = PBXFileReference; fileEncoding = 4; lastKnownFileType = sourcecode.c.h; path = YFMainVC2.h; sourceTree = "<group>"; };
		B872AC762238D37E00C5A33B /* YFBasicVC.m */ = {isa = PBXFileReference; fileEncoding = 4; lastKnownFileType = sourcecode.c.objc; path = YFBasicVC.m; sourceTree = "<group>"; };
		B872AC782238D37E00C5A33B /* BCMenuCell.h */ = {isa = PBXFileReference; fileEncoding = 4; lastKnownFileType = sourcecode.c.h; path = BCMenuCell.h; sourceTree = "<group>"; };
		B872AC792238D37E00C5A33B /* BCCoverView.h */ = {isa = PBXFileReference; fileEncoding = 4; lastKnownFileType = sourcecode.c.h; path = BCCoverView.h; sourceTree = "<group>"; };
		B872AC7A2238D37E00C5A33B /* BCUserInfoCell.m */ = {isa = PBXFileReference; fileEncoding = 4; lastKnownFileType = sourcecode.c.objc; path = BCUserInfoCell.m; sourceTree = "<group>"; };
		B872AC7B2238D37E00C5A33B /* BCCoverView.m */ = {isa = PBXFileReference; fileEncoding = 4; lastKnownFileType = sourcecode.c.objc; path = BCCoverView.m; sourceTree = "<group>"; };
		B872AC7C2238D37E00C5A33B /* BCMenuCell.m */ = {isa = PBXFileReference; fileEncoding = 4; lastKnownFileType = sourcecode.c.objc; path = BCMenuCell.m; sourceTree = "<group>"; };
		B872AC7D2238D37E00C5A33B /* BCUserInfoCell.h */ = {isa = PBXFileReference; fileEncoding = 4; lastKnownFileType = sourcecode.c.h; path = BCUserInfoCell.h; sourceTree = "<group>"; };
		B882CEDC2264330F00F00F0A /* M1BaseDialogVC.h */ = {isa = PBXFileReference; fileEncoding = 4; lastKnownFileType = sourcecode.c.h; path = M1BaseDialogVC.h; sourceTree = "<group>"; };
		B882CEDD2264331000F00F0A /* M1BaseDialogVC.m */ = {isa = PBXFileReference; fileEncoding = 4; lastKnownFileType = sourcecode.c.objc; path = M1BaseDialogVC.m; sourceTree = "<group>"; };
		B882CEDF2264334000F00F0A /* YFGoSettingVC.m */ = {isa = PBXFileReference; fileEncoding = 4; lastKnownFileType = sourcecode.c.objc; path = YFGoSettingVC.m; sourceTree = "<group>"; };
		B882CEE02264334000F00F0A /* YFGoSettingVC.h */ = {isa = PBXFileReference; fileEncoding = 4; lastKnownFileType = sourcecode.c.h; path = YFGoSettingVC.h; sourceTree = "<group>"; };
		B882CEE52264671700F00F0A /* YFMatchSettingVM.h */ = {isa = PBXFileReference; lastKnownFileType = sourcecode.c.h; path = YFMatchSettingVM.h; sourceTree = "<group>"; };
		B882CEE62264671700F00F0A /* YFMatchSettingVM.m */ = {isa = PBXFileReference; lastKnownFileType = sourcecode.c.objc; path = YFMatchSettingVM.m; sourceTree = "<group>"; };
		B882CEE8226566AD00F00F0A /* YFMatchList.h */ = {isa = PBXFileReference; lastKnownFileType = sourcecode.c.h; path = YFMatchList.h; sourceTree = "<group>"; };
		B882CEE9226566AD00F00F0A /* YFMatchList.m */ = {isa = PBXFileReference; lastKnownFileType = sourcecode.c.objc; path = YFMatchList.m; sourceTree = "<group>"; };
		B882CEEB22656C4B00F00F0A /* BCCommonNoContentVC.m */ = {isa = PBXFileReference; fileEncoding = 4; lastKnownFileType = sourcecode.c.objc; path = BCCommonNoContentVC.m; sourceTree = "<group>"; };
		B882CEEC22656C4B00F00F0A /* BCCommonNoContentVC.h */ = {isa = PBXFileReference; fileEncoding = 4; lastKnownFileType = sourcecode.c.h; path = BCCommonNoContentVC.h; sourceTree = "<group>"; };
		B882CEEE22656C8800F00F0A /* BCNoContentView.m */ = {isa = PBXFileReference; fileEncoding = 4; lastKnownFileType = sourcecode.c.objc; path = BCNoContentView.m; sourceTree = "<group>"; };
		B882CEEF22656C8800F00F0A /* BCNoContentView.h */ = {isa = PBXFileReference; fileEncoding = 4; lastKnownFileType = sourcecode.c.h; path = BCNoContentView.h; sourceTree = "<group>"; };
		B882CEF42265DAAB00F00F0A /* YFMatchListCell.h */ = {isa = PBXFileReference; lastKnownFileType = sourcecode.c.h; path = YFMatchListCell.h; sourceTree = "<group>"; };
		B882CEF52265DAAB00F00F0A /* YFMatchListCell.m */ = {isa = PBXFileReference; lastKnownFileType = sourcecode.c.objc; path = YFMatchListCell.m; sourceTree = "<group>"; };
		B882CEF72265DC4C00F00F0A /* YFMatchListVC.h */ = {isa = PBXFileReference; lastKnownFileType = sourcecode.c.h; path = YFMatchListVC.h; sourceTree = "<group>"; };
		B882CEF82265DC4C00F00F0A /* YFMatchListVC.m */ = {isa = PBXFileReference; lastKnownFileType = sourcecode.c.objc; path = YFMatchListVC.m; sourceTree = "<group>"; };
		B882CEFA2265E8E600F00F0A /* YFMatchInfoVC.h */ = {isa = PBXFileReference; lastKnownFileType = sourcecode.c.h; path = YFMatchInfoVC.h; sourceTree = "<group>"; };
		B882CEFB2265E8E600F00F0A /* YFMatchInfoVC.m */ = {isa = PBXFileReference; lastKnownFileType = sourcecode.c.objc; path = YFMatchInfoVC.m; sourceTree = "<group>"; };
		B882CEFD2265EA6E00F00F0A /* BCSettingBaseVC.h */ = {isa = PBXFileReference; fileEncoding = 4; lastKnownFileType = sourcecode.c.h; path = BCSettingBaseVC.h; sourceTree = "<group>"; };
		B882CEFE2265EA6E00F00F0A /* BCSettingBaseVC.m */ = {isa = PBXFileReference; fileEncoding = 4; lastKnownFileType = sourcecode.c.objc; path = BCSettingBaseVC.m; sourceTree = "<group>"; };
		B882CF002265EAB400F00F0A /* BCCommonTvModel.m */ = {isa = PBXFileReference; fileEncoding = 4; lastKnownFileType = sourcecode.c.objc; path = BCCommonTvModel.m; sourceTree = "<group>"; };
		B882CF012265EAB400F00F0A /* BCCommonSettingMod.h */ = {isa = PBXFileReference; fileEncoding = 4; lastKnownFileType = sourcecode.c.h; path = BCCommonSettingMod.h; sourceTree = "<group>"; };
		B882CF022265EAB400F00F0A /* BCCommonSettingMod.m */ = {isa = PBXFileReference; fileEncoding = 4; lastKnownFileType = sourcecode.c.objc; path = BCCommonSettingMod.m; sourceTree = "<group>"; };
		B882CF032265EAB400F00F0A /* BCCommonTvModel.h */ = {isa = PBXFileReference; fileEncoding = 4; lastKnownFileType = sourcecode.c.h; path = BCCommonTvModel.h; sourceTree = "<group>"; };
		B882CF062265EB1700F00F0A /* BCCommonSettingCell.h */ = {isa = PBXFileReference; fileEncoding = 4; lastKnownFileType = sourcecode.c.h; path = BCCommonSettingCell.h; sourceTree = "<group>"; };
		B882CF072265EB1700F00F0A /* BCCommonSettingCell.m */ = {isa = PBXFileReference; fileEncoding = 4; lastKnownFileType = sourcecode.c.objc; path = BCCommonSettingCell.m; sourceTree = "<group>"; };
		B882CF092265EBCB00F00F0A /* BCCustTextView.h */ = {isa = PBXFileReference; fileEncoding = 4; lastKnownFileType = sourcecode.c.h; path = BCCustTextView.h; sourceTree = "<group>"; };
		B882CF0A2265EBCB00F00F0A /* BCCountTextView.h */ = {isa = PBXFileReference; fileEncoding = 4; lastKnownFileType = sourcecode.c.h; path = BCCountTextView.h; sourceTree = "<group>"; };
		B882CF0B2265EBCB00F00F0A /* BCCountTextView.m */ = {isa = PBXFileReference; fileEncoding = 4; lastKnownFileType = sourcecode.c.objc; path = BCCountTextView.m; sourceTree = "<group>"; };
		B882CF0C2265EBCC00F00F0A /* BCCustTextView.m */ = {isa = PBXFileReference; fileEncoding = 4; lastKnownFileType = sourcecode.c.objc; path = BCCustTextView.m; sourceTree = "<group>"; };
		B882CF0F2265EBD700F00F0A /* BCImgAttach.h */ = {isa = PBXFileReference; fileEncoding = 4; lastKnownFileType = sourcecode.c.h; path = BCImgAttach.h; sourceTree = "<group>"; };
		B882CF102265EBD700F00F0A /* BCImgAttach.m */ = {isa = PBXFileReference; fileEncoding = 4; lastKnownFileType = sourcecode.c.objc; path = BCImgAttach.m; sourceTree = "<group>"; };
		B882CF122265ECFE00F00F0A /* YFMatchInfoVC.plist */ = {isa = PBXFileReference; lastKnownFileType = text.plist.xml; path = YFMatchInfoVC.plist; sourceTree = "<group>"; };
		B882CF142265ED5500F00F0A /* YFMatchInfoCell.h */ = {isa = PBXFileReference; fileEncoding = 4; lastKnownFileType = sourcecode.c.h; path = YFMatchInfoCell.h; sourceTree = "<group>"; };
		B882CF152265ED5500F00F0A /* YFMatchInfoCell.m */ = {isa = PBXFileReference; fileEncoding = 4; lastKnownFileType = sourcecode.c.objc; path = YFMatchInfoCell.m; sourceTree = "<group>"; };
		B8D33861225B68890049F846 /* YFChessFragment.h */ = {isa = PBXFileReference; lastKnownFileType = sourcecode.c.h; path = YFChessFragment.h; sourceTree = "<group>"; };
		B8D33862225B68890049F846 /* YFChessFragment.m */ = {isa = PBXFileReference; lastKnownFileType = sourcecode.c.objc; path = YFChessFragment.m; sourceTree = "<group>"; };
		B8D33864225C61990049F846 /* YFPlayerView.h */ = {isa = PBXFileReference; lastKnownFileType = sourcecode.c.h; path = YFPlayerView.h; sourceTree = "<group>"; };
		B8D33865225C61990049F846 /* YFPlayerView.m */ = {isa = PBXFileReference; lastKnownFileType = sourcecode.c.objc; path = YFPlayerView.m; sourceTree = "<group>"; };
		B8D33867225C62490049F846 /* YFPlayer.h */ = {isa = PBXFileReference; lastKnownFileType = sourcecode.c.h; path = YFPlayer.h; sourceTree = "<group>"; };
		B8D33868225C62490049F846 /* YFPlayer.m */ = {isa = PBXFileReference; lastKnownFileType = sourcecode.c.objc; path = YFPlayer.m; sourceTree = "<group>"; };
		B8D3386B225C7AD10049F846 /* GoConst.h */ = {isa = PBXFileReference; lastKnownFileType = sourcecode.c.h; path = GoConst.h; sourceTree = "<group>"; };
		B8D3386C225C7AD10049F846 /* GoConst.m */ = {isa = PBXFileReference; lastKnownFileType = sourcecode.c.objc; path = GoConst.m; sourceTree = "<group>"; };
		B8D3386E225C95A50049F846 /* YFGoUtil.h */ = {isa = PBXFileReference; lastKnownFileType = sourcecode.c.h; path = YFGoUtil.h; sourceTree = "<group>"; };
		B8D3386F225C95A50049F846 /* YFGoUtil.m */ = {isa = PBXFileReference; lastKnownFileType = sourcecode.c.objc; path = YFGoUtil.m; sourceTree = "<group>"; };
		B8D33871225CAFE00049F846 /* YFPlayersView.h */ = {isa = PBXFileReference; lastKnownFileType = sourcecode.c.h; path = YFPlayersView.h; sourceTree = "<group>"; };
		B8D33872225CAFE00049F846 /* YFPlayersView.m */ = {isa = PBXFileReference; lastKnownFileType = sourcecode.c.objc; path = YFPlayersView.m; sourceTree = "<group>"; };
		B8D33874225CCB0F0049F846 /* main_bg.jpeg */ = {isa = PBXFileReference; lastKnownFileType = image.jpeg; path = main_bg.jpeg; sourceTree = "<group>"; };
		B8D33876225DA04B0049F846 /* YFGoDashBoard.h */ = {isa = PBXFileReference; lastKnownFileType = sourcecode.c.h; path = YFGoDashBoard.h; sourceTree = "<group>"; };
		B8D33877225DA04B0049F846 /* YFGoDashBoard.m */ = {isa = PBXFileReference; lastKnownFileType = sourcecode.c.objc; path = YFGoDashBoard.m; sourceTree = "<group>"; };
/* End PBXFileReference section */

/* Begin PBXFrameworksBuildPhase section */
		B872ABAD2230AB3100C5A33B /* Frameworks */ = {
			isa = PBXFrameworksBuildPhase;
			buildActionMask = 2147483647;
			files = (
				5782C8BF7F4A52448E377B69 /* Pods_BetaGo.framework in Frameworks */,
			);
			runOnlyForDeploymentPostprocessing = 0;
		};
/* End PBXFrameworksBuildPhase section */

/* Begin PBXGroup section */
		022C2DDC78C696BE4DD21A6A /* Frameworks */ = {
			isa = PBXGroup;
			children = (
				85CC8F9D01B904208325C6DD /* Pods_BetaGo.framework */,
			);
			name = Frameworks;
			sourceTree = "<group>";
		};
		7AF20851B24B97EF916A4D61 /* Pods */ = {
			isa = PBXGroup;
			children = (
				B26F6D0C26F3F7338BCF92D0 /* Pods-BetaGo.debug.xcconfig */,
				1AA02FEEB09F26E57E2B9677 /* Pods-BetaGo.release.xcconfig */,
			);
			path = Pods;
			sourceTree = "<group>";
		};
		B872ABA72230AB3100C5A33B = {
			isa = PBXGroup;
			children = (
				B872AC3B2238D37E00C5A33B /* BetaGo */,
				B872ABB12230AB3100C5A33B /* Products */,
				7AF20851B24B97EF916A4D61 /* Pods */,
				022C2DDC78C696BE4DD21A6A /* Frameworks */,
			);
			sourceTree = "<group>";
		};
		B872ABB12230AB3100C5A33B /* Products */ = {
			isa = PBXGroup;
			children = (
				B872ABB02230AB3100C5A33B /* BetaGo.app */,
			);
			name = Products;
			sourceTree = "<group>";
		};
		B872AC3B2238D37E00C5A33B /* BetaGo */ = {
			isa = PBXGroup;
			children = (
				B872AC3C2238D37E00C5A33B /* Assets.xcassets */,
				B872AC3D2238D37E00C5A33B /* Utils */,
				B872AC492238D37E00C5A33B /* info */,
				B872AC532238D37E00C5A33B /* src */,
			);
			path = BetaGo;
			sourceTree = "<group>";
		};
		B872AC3D2238D37E00C5A33B /* Utils */ = {
			isa = PBXGroup;
			children = (
				B872AC3E2238D37E00C5A33B /* UIImage+AV.m */,
				B872AC3F2238D37E00C5A33B /* H264VideoParser.m */,
				B872AC402238D37E00C5A33B /* BCBaseHttpClient.h */,
				B872AC412238D37E00C5A33B /* YFUtil.m */,
				B872AC422238D37E00C5A33B /* conf.plist */,
				B872AC432238D37E00C5A33B /* H264VideoParser.h */,
				B872AC442238D37E00C5A33B /* UIImage+AV.h */,
				B872AC452238D37E00C5A33B /* YFUtil.h */,
				B872AC462238D37E00C5A33B /* BCBaseHttpClient.m */,
				B872AC472238D37E00C5A33B /* cons.plist */,
				B872AC482238D37E00C5A33B /* PrefixHeader.pch */,
			);
			path = Utils;
			sourceTree = "<group>";
		};
		B872AC492238D37E00C5A33B /* info */ = {
			isa = PBXGroup;
			children = (
				B872AC4A2238D37E00C5A33B /* AppDelegate.h */,
				B872AC4B2238D37E00C5A33B /* LaunchScreen.storyboard */,
				B872AC4D2238D37E00C5A33B /* Main.storyboard */,
				B872AC4F2238D37E00C5A33B /* main.m */,
				B872AC502238D37E00C5A33B /* AppDelegate.m */,
				B872AC512238D37E00C5A33B /* Info.plist */,
				B872AC522238D37E00C5A33B /* mystring.strings */,
			);
			path = info;
			sourceTree = "<group>";
		};
		B872AC532238D37E00C5A33B /* src */ = {
			isa = PBXGroup;
			children = (
				B872AC542238D37E00C5A33B /* go */,
				B872AC642238D37E00C5A33B /* main */,
			);
			path = src;
			sourceTree = "<group>";
		};
		B872AC542238D37E00C5A33B /* go */ = {
			isa = PBXGroup;
			children = (
				B8D3386A225C7AAF0049F846 /* O */,
				B872AC552238D37E00C5A33B /* M */,
				B872AC5C2238D37E00C5A33B /* C */,
				B872AC5F2238D37E00C5A33B /* V */,
			);
			path = go;
			sourceTree = "<group>";
		};
		B872AC552238D37E00C5A33B /* M */ = {
			isa = PBXGroup;
			children = (
				B872AC562238D37E00C5A33B /* YFChess.h */,
				B872AC5A2238D37E00C5A33B /* YFChess.m */,
				B872AC582238D37E00C5A33B /* YFChessBoard.h */,
				B872AC5B2238D37E00C5A33B /* YFChessBoard.m */,
				B872AC592238D37E00C5A33B /* YFMatch.h */,
				B872AC572238D37E00C5A33B /* YFMatch.m */,
				B8D33861225B68890049F846 /* YFChessFragment.h */,
				B8D33862225B68890049F846 /* YFChessFragment.m */,
				B8D33867225C62490049F846 /* YFPlayer.h */,
				B8D33868225C62490049F846 /* YFPlayer.m */,
				B882CEE52264671700F00F0A /* YFMatchSettingVM.h */,
				B882CEE62264671700F00F0A /* YFMatchSettingVM.m */,
				B882CEE8226566AD00F00F0A /* YFMatchList.h */,
				B882CEE9226566AD00F00F0A /* YFMatchList.m */,
			);
			path = M;
			sourceTree = "<group>";
		};
		B872AC5C2238D37E00C5A33B /* C */ = {
			isa = PBXGroup;
			children = (
				B872AC5D2238D37E00C5A33B /* YFGoMainVC.h */,
				B872AC5E2238D37E00C5A33B /* YFGoMainVC.m */,
				B882CEE02264334000F00F0A /* YFGoSettingVC.h */,
				B882CEDF2264334000F00F0A /* YFGoSettingVC.m */,
				B882CEF72265DC4C00F00F0A /* YFMatchListVC.h */,
				B882CEF82265DC4C00F00F0A /* YFMatchListVC.m */,
				B882CEFA2265E8E600F00F0A /* YFMatchInfoVC.h */,
				B882CEFB2265E8E600F00F0A /* YFMatchInfoVC.m */,
			);
			path = C;
			sourceTree = "<group>";
		};
		B872AC5F2238D37E00C5A33B /* V */ = {
			isa = PBXGroup;
			children = (
				B872AC602238D37E00C5A33B /* YFChessBtn.h */,
				B872AC632238D37E00C5A33B /* YFChessBtn.m */,
				B872AC612238D37E00C5A33B /* YFChessBoradView.h */,
				B872AC622238D37E00C5A33B /* YFChessBoradView.m */,
				B8D33864225C61990049F846 /* YFPlayerView.h */,
				B8D33865225C61990049F846 /* YFPlayerView.m */,
				B8D33871225CAFE00049F846 /* YFPlayersView.h */,
				B8D33872225CAFE00049F846 /* YFPlayersView.m */,
				B8D33876225DA04B0049F846 /* YFGoDashBoard.h */,
				B8D33877225DA04B0049F846 /* YFGoDashBoard.m */,
				B882CEF42265DAAB00F00F0A /* YFMatchListCell.h */,
				B882CEF52265DAAB00F00F0A /* YFMatchListCell.m */,
				B882CF142265ED5500F00F0A /* YFMatchInfoCell.h */,
				B882CF152265ED5500F00F0A /* YFMatchInfoCell.m */,
			);
			path = V;
			sourceTree = "<group>";
		};
		B872AC642238D37E00C5A33B /* main */ = {
			isa = PBXGroup;
			children = (
				B872AC652238D37E00C5A33B /* O */,
				B872AC672238D37E00C5A33B /* M */,
				B872AC6C2238D37E00C5A33B /* C */,
				B872AC772238D37E00C5A33B /* V */,
			);
			path = main;
			sourceTree = "<group>";
		};
		B872AC652238D37E00C5A33B /* O */ = {
			isa = PBXGroup;
			children = (
				B872AC662238D37E00C5A33B /* MenuList.plist */,
			);
			path = O;
			sourceTree = "<group>";
		};
		B872AC672238D37E00C5A33B /* M */ = {
			isa = PBXGroup;
			children = (
				B872AC682238D37E00C5A33B /* BCMenuMod.m */,
				B872AC692238D37E00C5A33B /* BCMenuList.m */,
				B872AC6A2238D37E00C5A33B /* BCMenuMod.h */,
				B872AC6B2238D37E00C5A33B /* BCMenuList.h */,
				B882CF012265EAB400F00F0A /* BCCommonSettingMod.h */,
				B882CF022265EAB400F00F0A /* BCCommonSettingMod.m */,
				B882CF032265EAB400F00F0A /* BCCommonTvModel.h */,
				B882CF002265EAB400F00F0A /* BCCommonTvModel.m */,
			);
			path = M;
			sourceTree = "<group>";
		};
		B872AC6C2238D37E00C5A33B /* C */ = {
			isa = PBXGroup;
			children = (
				B872AC6D2238D37E00C5A33B /* BCLeftMenuVC.m */,
				B872AC6E2238D37E00C5A33B /* YFNavVC.m */,
				B872AC6F2238D37E00C5A33B /* YFMainNav.h */,
				B872AC702238D37E00C5A33B /* YFMainVC2.m */,
				B872AC712238D37E00C5A33B /* YFBasicVC.h */,
				B872AC722238D37E00C5A33B /* YFMainNav.m */,
				B872AC732238D37E00C5A33B /* YFNavVC.h */,
				B872AC742238D37E00C5A33B /* BCLeftMenuVC.h */,
				B872AC752238D37E00C5A33B /* YFMainVC2.h */,
				B872AC762238D37E00C5A33B /* YFBasicVC.m */,
				B882CEDC2264330F00F00F0A /* M1BaseDialogVC.h */,
				B882CEDD2264331000F00F0A /* M1BaseDialogVC.m */,
				B882CEFD2265EA6E00F00F0A /* BCSettingBaseVC.h */,
				B882CEFE2265EA6E00F00F0A /* BCSettingBaseVC.m */,
			);
			path = C;
			sourceTree = "<group>";
		};
		B872AC772238D37E00C5A33B /* V */ = {
			isa = PBXGroup;
			children = (
				B882CF0F2265EBD700F00F0A /* BCImgAttach.h */,
				B882CF102265EBD700F00F0A /* BCImgAttach.m */,
				B882CF0A2265EBCB00F00F0A /* BCCountTextView.h */,
				B882CF0B2265EBCB00F00F0A /* BCCountTextView.m */,
				B882CF092265EBCB00F00F0A /* BCCustTextView.h */,
				B882CF0C2265EBCC00F00F0A /* BCCustTextView.m */,
				B882CF062265EB1700F00F0A /* BCCommonSettingCell.h */,
				B882CF072265EB1700F00F0A /* BCCommonSettingCell.m */,
				B872AC782238D37E00C5A33B /* BCMenuCell.h */,
				B872AC792238D37E00C5A33B /* BCCoverView.h */,
				B872AC7A2238D37E00C5A33B /* BCUserInfoCell.m */,
				B872AC7B2238D37E00C5A33B /* BCCoverView.m */,
				B872AC7C2238D37E00C5A33B /* BCMenuCell.m */,
				B872AC7D2238D37E00C5A33B /* BCUserInfoCell.h */,
				B882CEEC22656C4B00F00F0A /* BCCommonNoContentVC.h */,
				B882CEEB22656C4B00F00F0A /* BCCommonNoContentVC.m */,
				B882CEEF22656C8800F00F0A /* BCNoContentView.h */,
				B882CEEE22656C8800F00F0A /* BCNoContentView.m */,
			);
			path = V;
			sourceTree = "<group>";
		};
		B8D3386A225C7AAF0049F846 /* O */ = {
			isa = PBXGroup;
			children = (
				B8D33874225CCB0F0049F846 /* main_bg.jpeg */,
				B8D3386B225C7AD10049F846 /* GoConst.h */,
				B8D3386C225C7AD10049F846 /* GoConst.m */,
				B8D3386E225C95A50049F846 /* YFGoUtil.h */,
				B8D3386F225C95A50049F846 /* YFGoUtil.m */,
				B882CF122265ECFE00F00F0A /* YFMatchInfoVC.plist */,
			);
			path = O;
			sourceTree = "<group>";
		};
/* End PBXGroup section */

/* Begin PBXNativeTarget section */
		B872ABAF2230AB3100C5A33B /* BetaGo */ = {
			isa = PBXNativeTarget;
			buildConfigurationList = B872ABC62230AB3300C5A33B /* Build configuration list for PBXNativeTarget "BetaGo" */;
			buildPhases = (
				078EAA8D21B64044EA8E04C9 /* [CP] Check Pods Manifest.lock */,
				B872ABAC2230AB3100C5A33B /* Sources */,
				B872ABAD2230AB3100C5A33B /* Frameworks */,
				B872ABAE2230AB3100C5A33B /* Resources */,
				880E91709BE1010C945247FD /* [CP] Embed Pods Frameworks */,
			);
			buildRules = (
			);
			dependencies = (
			);
			name = BetaGo;
			productName = BetaGo;
			productReference = B872ABB02230AB3100C5A33B /* BetaGo.app */;
			productType = "com.apple.product-type.application";
		};
/* End PBXNativeTarget section */

/* Begin PBXProject section */
		B872ABA82230AB3100C5A33B /* Project object */ = {
			isa = PBXProject;
			attributes = {
				LastUpgradeCheck = 1020;
				ORGANIZATIONNAME = yf;
				TargetAttributes = {
					B872ABAF2230AB3100C5A33B = {
						CreatedOnToolsVersion = 10.2;
					};
				};
			};
			buildConfigurationList = B872ABAB2230AB3100C5A33B /* Build configuration list for PBXProject "BetaGo" */;
			compatibilityVersion = "Xcode 9.3";
			developmentRegion = en;
			hasScannedForEncodings = 0;
			knownRegions = (
				en,
				Base,
			);
			mainGroup = B872ABA72230AB3100C5A33B;
			productRefGroup = B872ABB12230AB3100C5A33B /* Products */;
			projectDirPath = "";
			projectRoot = "";
			targets = (
				B872ABAF2230AB3100C5A33B /* BetaGo */,
			);
		};
/* End PBXProject section */

/* Begin PBXResourcesBuildPhase section */
		B872ABAE2230AB3100C5A33B /* Resources */ = {
			isa = PBXResourcesBuildPhase;
			buildActionMask = 2147483647;
			files = (
				B872AC822238D37F00C5A33B /* conf.plist in Resources */,
				B872AC912238D37F00C5A33B /* MenuList.plist in Resources */,
				B872AC862238D37F00C5A33B /* Main.storyboard in Resources */,
				B872AC852238D37F00C5A33B /* LaunchScreen.storyboard in Resources */,
				B882CF132265ECFE00F00F0A /* YFMatchInfoVC.plist in Resources */,
				B872AC842238D37F00C5A33B /* cons.plist in Resources */,
				B8D33875225CCB0F0049F846 /* main_bg.jpeg in Resources */,
				B872AC7E2238D37F00C5A33B /* Assets.xcassets in Resources */,
				B872AC8A2238D37F00C5A33B /* mystring.strings in Resources */,
			);
			runOnlyForDeploymentPostprocessing = 0;
		};
/* End PBXResourcesBuildPhase section */

/* Begin PBXShellScriptBuildPhase section */
		078EAA8D21B64044EA8E04C9 /* [CP] Check Pods Manifest.lock */ = {
			isa = PBXShellScriptBuildPhase;
			buildActionMask = 2147483647;
			files = (
			);
			inputFileListPaths = (
			);
			inputPaths = (
				"${PODS_PODFILE_DIR_PATH}/Podfile.lock",
				"${PODS_ROOT}/Manifest.lock",
			);
			name = "[CP] Check Pods Manifest.lock";
			outputFileListPaths = (
			);
			outputPaths = (
				"$(DERIVED_FILE_DIR)/Pods-BetaGo-checkManifestLockResult.txt",
			);
			runOnlyForDeploymentPostprocessing = 0;
			shellPath = /bin/sh;
			shellScript = "diff \"${PODS_PODFILE_DIR_PATH}/Podfile.lock\" \"${PODS_ROOT}/Manifest.lock\" > /dev/null\nif [ $? != 0 ] ; then\n    # print error to STDERR\n    echo \"error: The sandbox is not in sync with the Podfile.lock. Run 'pod install' or update your CocoaPods installation.\" >&2\n    exit 1\nfi\n# This output is used by Xcode 'outputs' to avoid re-running this script phase.\necho \"SUCCESS\" > \"${SCRIPT_OUTPUT_FILE_0}\"\n";
			showEnvVarsInLog = 0;
		};
		880E91709BE1010C945247FD /* [CP] Embed Pods Frameworks */ = {
			isa = PBXShellScriptBuildPhase;
			buildActionMask = 2147483647;
			files = (
			);
			inputFileListPaths = (
			);
			inputPaths = (
				"${PODS_ROOT}/Target Support Files/Pods-BetaGo/Pods-BetaGo-frameworks.sh",
				"${BUILT_PRODUCTS_DIR}/AFNetworking/AFNetworking.framework",
				"${BUILT_PRODUCTS_DIR}/IOS_OC_BASIC/IOS_OC_BASIC.framework",
				"${BUILT_PRODUCTS_DIR}/MJRefresh/MJRefresh.framework",
				"${BUILT_PRODUCTS_DIR}/Masonry/Masonry.framework",
				"${BUILT_PRODUCTS_DIR}/RealReachability/RealReachability.framework",
				"${BUILT_PRODUCTS_DIR}/SVProgressHUD/SVProgressHUD.framework",
			);
			name = "[CP] Embed Pods Frameworks";
			outputFileListPaths = (
			);
			outputPaths = (
				"${TARGET_BUILD_DIR}/${FRAMEWORKS_FOLDER_PATH}/AFNetworking.framework",
				"${TARGET_BUILD_DIR}/${FRAMEWORKS_FOLDER_PATH}/IOS_OC_BASIC.framework",
				"${TARGET_BUILD_DIR}/${FRAMEWORKS_FOLDER_PATH}/MJRefresh.framework",
				"${TARGET_BUILD_DIR}/${FRAMEWORKS_FOLDER_PATH}/Masonry.framework",
				"${TARGET_BUILD_DIR}/${FRAMEWORKS_FOLDER_PATH}/RealReachability.framework",
				"${TARGET_BUILD_DIR}/${FRAMEWORKS_FOLDER_PATH}/SVProgressHUD.framework",
			);
			runOnlyForDeploymentPostprocessing = 0;
			shellPath = /bin/sh;
			shellScript = "\"${PODS_ROOT}/Target Support Files/Pods-BetaGo/Pods-BetaGo-frameworks.sh\"\n";
			showEnvVarsInLog = 0;
		};
/* End PBXShellScriptBuildPhase section */

/* Begin PBXSourcesBuildPhase section */
		B872ABAC2230AB3100C5A33B /* Sources */ = {
			isa = PBXSourcesBuildPhase;
			buildActionMask = 2147483647;
			files = (
				B882CF052265EAB400F00F0A /* BCCommonSettingMod.m in Sources */,
				B8D33878225DA04B0049F846 /* YFGoDashBoard.m in Sources */,
				B882CEDE2264331000F00F0A /* M1BaseDialogVC.m in Sources */,
				B8D33869225C62490049F846 /* YFPlayer.m in Sources */,
				B882CEF022656C8800F00F0A /* BCNoContentView.m in Sources */,
				B8D33866225C61990049F846 /* YFPlayerView.m in Sources */,
				B872AC872238D37F00C5A33B /* main.m in Sources */,
				B882CF0D2265EBCC00F00F0A /* BCCountTextView.m in Sources */,
				B882CEE72264671700F00F0A /* YFMatchSettingVM.m in Sources */,
				B872AC952238D37F00C5A33B /* YFNavVC.m in Sources */,
				B8D33873225CAFE00049F846 /* YFPlayersView.m in Sources */,
				B8D33870225C95A60049F846 /* YFGoUtil.m in Sources */,
				B882CEED22656C4C00F00F0A /* BCCommonNoContentVC.m in Sources */,
				B872AC982238D37F00C5A33B /* YFBasicVC.m in Sources */,
				B882CEF62265DAAB00F00F0A /* YFMatchListCell.m in Sources */,
				B872AC942238D37F00C5A33B /* BCLeftMenuVC.m in Sources */,
				B872AC8C2238D37F00C5A33B /* YFChess.m in Sources */,
				B872AC8E2238D37F00C5A33B /* YFGoMainVC.m in Sources */,
				B872AC8F2238D37F00C5A33B /* YFChessBoradView.m in Sources */,
				B882CF112265EBD700F00F0A /* BCImgAttach.m in Sources */,
				B882CEF92265DC4C00F00F0A /* YFMatchListVC.m in Sources */,
				B882CEEA226566AD00F00F0A /* YFMatchList.m in Sources */,
				B872AC9B2238D37F00C5A33B /* BCMenuCell.m in Sources */,
				B882CEE12264334000F00F0A /* YFGoSettingVC.m in Sources */,
				B8D33863225B68890049F846 /* YFChessFragment.m in Sources */,
				B872AC9A2238D37F00C5A33B /* BCCoverView.m in Sources */,
				B882CF082265EB1700F00F0A /* BCCommonSettingCell.m in Sources */,
				B872AC832238D37F00C5A33B /* BCBaseHttpClient.m in Sources */,
				B872AC882238D37F00C5A33B /* AppDelegate.m in Sources */,
				B872AC8D2238D37F00C5A33B /* YFChessBoard.m in Sources */,
				B872AC972238D37F00C5A33B /* YFMainNav.m in Sources */,
				B872AC932238D37F00C5A33B /* BCMenuList.m in Sources */,
				B8D3386D225C7AD10049F846 /* GoConst.m in Sources */,
				B882CF042265EAB400F00F0A /* BCCommonTvModel.m in Sources */,
				B882CEFF2265EA6E00F00F0A /* BCSettingBaseVC.m in Sources */,
				B872AC802238D37F00C5A33B /* H264VideoParser.m in Sources */,
				B882CF0E2265EBCC00F00F0A /* BCCustTextView.m in Sources */,
				B872AC902238D37F00C5A33B /* YFChessBtn.m in Sources */,
				B872AC962238D37F00C5A33B /* YFMainVC2.m in Sources */,
				B872AC922238D37F00C5A33B /* BCMenuMod.m in Sources */,
				B872AC7F2238D37F00C5A33B /* UIImage+AV.m in Sources */,
				B872AC8B2238D37F00C5A33B /* YFMatch.m in Sources */,
				B872AC812238D37F00C5A33B /* YFUtil.m in Sources */,
				B872AC992238D37F00C5A33B /* BCUserInfoCell.m in Sources */,
				B882CF162265ED5500F00F0A /* YFMatchInfoCell.m in Sources */,
				B882CEFC2265E8E600F00F0A /* YFMatchInfoVC.m in Sources */,
			);
			runOnlyForDeploymentPostprocessing = 0;
		};
/* End PBXSourcesBuildPhase section */

/* Begin PBXVariantGroup section */
		B872AC4B2238D37E00C5A33B /* LaunchScreen.storyboard */ = {
			isa = PBXVariantGroup;
			children = (
				B872AC4C2238D37E00C5A33B /* Base */,
			);
			name = LaunchScreen.storyboard;
			sourceTree = "<group>";
		};
		B872AC4D2238D37E00C5A33B /* Main.storyboard */ = {
			isa = PBXVariantGroup;
			children = (
				B872AC4E2238D37E00C5A33B /* Base */,
			);
			name = Main.storyboard;
			sourceTree = "<group>";
		};
/* End PBXVariantGroup section */

/* Begin XCBuildConfiguration section */
		B872ABC42230AB3300C5A33B /* Debug */ = {
			isa = XCBuildConfiguration;
			buildSettings = {
				ALWAYS_SEARCH_USER_PATHS = NO;
				CLANG_ANALYZER_NONNULL = YES;
				CLANG_ANALYZER_NUMBER_OBJECT_CONVERSION = YES_AGGRESSIVE;
				CLANG_CXX_LANGUAGE_STANDARD = "gnu++14";
				CLANG_CXX_LIBRARY = "libc++";
				CLANG_ENABLE_MODULES = YES;
				CLANG_ENABLE_OBJC_ARC = YES;
				CLANG_ENABLE_OBJC_WEAK = YES;
				CLANG_WARN_BLOCK_CAPTURE_AUTORELEASING = YES;
				CLANG_WARN_BOOL_CONVERSION = YES;
				CLANG_WARN_COMMA = YES;
				CLANG_WARN_CONSTANT_CONVERSION = YES;
				CLANG_WARN_DEPRECATED_OBJC_IMPLEMENTATIONS = YES;
				CLANG_WARN_DIRECT_OBJC_ISA_USAGE = YES_ERROR;
				CLANG_WARN_DOCUMENTATION_COMMENTS = YES;
				CLANG_WARN_EMPTY_BODY = YES;
				CLANG_WARN_ENUM_CONVERSION = YES;
				CLANG_WARN_INFINITE_RECURSION = YES;
				CLANG_WARN_INT_CONVERSION = YES;
				CLANG_WARN_NON_LITERAL_NULL_CONVERSION = YES;
				CLANG_WARN_OBJC_IMPLICIT_RETAIN_SELF = YES;
				CLANG_WARN_OBJC_LITERAL_CONVERSION = YES;
				CLANG_WARN_OBJC_ROOT_CLASS = YES_ERROR;
				CLANG_WARN_RANGE_LOOP_ANALYSIS = YES;
				CLANG_WARN_STRICT_PROTOTYPES = YES;
				CLANG_WARN_SUSPICIOUS_MOVE = YES;
				CLANG_WARN_UNGUARDED_AVAILABILITY = YES_AGGRESSIVE;
				CLANG_WARN_UNREACHABLE_CODE = YES;
				CLANG_WARN__DUPLICATE_METHOD_MATCH = YES;
				CODE_SIGN_IDENTITY = "iPhone Developer";
				COPY_PHASE_STRIP = NO;
				DEBUG_INFORMATION_FORMAT = dwarf;
				ENABLE_STRICT_OBJC_MSGSEND = YES;
				ENABLE_TESTABILITY = YES;
				GCC_C_LANGUAGE_STANDARD = gnu11;
				GCC_DYNAMIC_NO_PIC = NO;
				GCC_NO_COMMON_BLOCKS = YES;
				GCC_OPTIMIZATION_LEVEL = 0;
				GCC_PREPROCESSOR_DEFINITIONS = (
					"DEBUG=1",
					"$(inherited)",
				);
				GCC_WARN_64_TO_32_BIT_CONVERSION = YES;
				GCC_WARN_ABOUT_RETURN_TYPE = YES_ERROR;
				GCC_WARN_UNDECLARED_SELECTOR = YES;
				GCC_WARN_UNINITIALIZED_AUTOS = YES_AGGRESSIVE;
				GCC_WARN_UNUSED_FUNCTION = YES;
				GCC_WARN_UNUSED_VARIABLE = YES;
				IPHONEOS_DEPLOYMENT_TARGET = 12.2;
				MTL_ENABLE_DEBUG_INFO = INCLUDE_SOURCE;
				MTL_FAST_MATH = YES;
				ONLY_ACTIVE_ARCH = YES;
				SDKROOT = iphoneos;
			};
			name = Debug;
		};
		B872ABC52230AB3300C5A33B /* Release */ = {
			isa = XCBuildConfiguration;
			buildSettings = {
				ALWAYS_SEARCH_USER_PATHS = NO;
				CLANG_ANALYZER_NONNULL = YES;
				CLANG_ANALYZER_NUMBER_OBJECT_CONVERSION = YES_AGGRESSIVE;
				CLANG_CXX_LANGUAGE_STANDARD = "gnu++14";
				CLANG_CXX_LIBRARY = "libc++";
				CLANG_ENABLE_MODULES = YES;
				CLANG_ENABLE_OBJC_ARC = YES;
				CLANG_ENABLE_OBJC_WEAK = YES;
				CLANG_WARN_BLOCK_CAPTURE_AUTORELEASING = YES;
				CLANG_WARN_BOOL_CONVERSION = YES;
				CLANG_WARN_COMMA = YES;
				CLANG_WARN_CONSTANT_CONVERSION = YES;
				CLANG_WARN_DEPRECATED_OBJC_IMPLEMENTATIONS = YES;
				CLANG_WARN_DIRECT_OBJC_ISA_USAGE = YES_ERROR;
				CLANG_WARN_DOCUMENTATION_COMMENTS = YES;
				CLANG_WARN_EMPTY_BODY = YES;
				CLANG_WARN_ENUM_CONVERSION = YES;
				CLANG_WARN_INFINITE_RECURSION = YES;
				CLANG_WARN_INT_CONVERSION = YES;
				CLANG_WARN_NON_LITERAL_NULL_CONVERSION = YES;
				CLANG_WARN_OBJC_IMPLICIT_RETAIN_SELF = YES;
				CLANG_WARN_OBJC_LITERAL_CONVERSION = YES;
				CLANG_WARN_OBJC_ROOT_CLASS = YES_ERROR;
				CLANG_WARN_RANGE_LOOP_ANALYSIS = YES;
				CLANG_WARN_STRICT_PROTOTYPES = YES;
				CLANG_WARN_SUSPICIOUS_MOVE = YES;
				CLANG_WARN_UNGUARDED_AVAILABILITY = YES_AGGRESSIVE;
				CLANG_WARN_UNREACHABLE_CODE = YES;
				CLANG_WARN__DUPLICATE_METHOD_MATCH = YES;
				CODE_SIGN_IDENTITY = "iPhone Developer";
				COPY_PHASE_STRIP = NO;
				DEBUG_INFORMATION_FORMAT = "dwarf-with-dsym";
				ENABLE_NS_ASSERTIONS = NO;
				ENABLE_STRICT_OBJC_MSGSEND = YES;
				GCC_C_LANGUAGE_STANDARD = gnu11;
				GCC_NO_COMMON_BLOCKS = YES;
				GCC_WARN_64_TO_32_BIT_CONVERSION = YES;
				GCC_WARN_ABOUT_RETURN_TYPE = YES_ERROR;
				GCC_WARN_UNDECLARED_SELECTOR = YES;
				GCC_WARN_UNINITIALIZED_AUTOS = YES_AGGRESSIVE;
				GCC_WARN_UNUSED_FUNCTION = YES;
				GCC_WARN_UNUSED_VARIABLE = YES;
				IPHONEOS_DEPLOYMENT_TARGET = 12.2;
				MTL_ENABLE_DEBUG_INFO = NO;
				MTL_FAST_MATH = YES;
				SDKROOT = iphoneos;
				VALIDATE_PRODUCT = YES;
			};
			name = Release;
		};
		B872ABC72230AB3300C5A33B /* Debug */ = {
			isa = XCBuildConfiguration;
			baseConfigurationReference = B26F6D0C26F3F7338BCF92D0 /* Pods-BetaGo.debug.xcconfig */;
			buildSettings = {
				ASSETCATALOG_COMPILER_APPICON_NAME = AppIcon;
				CODE_SIGN_STYLE = Automatic;
				DEVELOPMENT_TEAM = 6U96F6BXWV;
				GCC_PREFIX_HEADER = BetaGo/Utils/PrefixHeader.pch;
				INFOPLIST_FILE = "$(SRCROOT)/BetaGo/info/Info.plist";
				IPHONEOS_DEPLOYMENT_TARGET = 11;
				LD_RUNPATH_SEARCH_PATHS = (
					"$(inherited)",
					"@executable_path/Frameworks",
				);
				PRODUCT_BUNDLE_IDENTIFIER = com.yf.BetaGo;
				PRODUCT_NAME = "$(TARGET_NAME)";
				TARGETED_DEVICE_FAMILY = "1,2";
			};
			name = Debug;
		};
		B872ABC82230AB3300C5A33B /* Release */ = {
			isa = XCBuildConfiguration;
			baseConfigurationReference = 1AA02FEEB09F26E57E2B9677 /* Pods-BetaGo.release.xcconfig */;
			buildSettings = {
				ASSETCATALOG_COMPILER_APPICON_NAME = AppIcon;
				CODE_SIGN_STYLE = Automatic;
				DEVELOPMENT_TEAM = 6U96F6BXWV;
				GCC_PREFIX_HEADER = BetaGo/Utils/PrefixHeader.pch;
				INFOPLIST_FILE = "$(SRCROOT)/BetaGo/info/Info.plist";
				IPHONEOS_DEPLOYMENT_TARGET = 11;
				LD_RUNPATH_SEARCH_PATHS = (
					"$(inherited)",
					"@executable_path/Frameworks",
				);
				PRODUCT_BUNDLE_IDENTIFIER = com.yf.BetaGo;
				PRODUCT_NAME = "$(TARGET_NAME)";
				TARGETED_DEVICE_FAMILY = "1,2";
			};
			name = Release;
		};
/* End XCBuildConfiguration section */

/* Begin XCConfigurationList section */
		B872ABAB2230AB3100C5A33B /* Build configuration list for PBXProject "BetaGo" */ = {
			isa = XCConfigurationList;
			buildConfigurations = (
				B872ABC42230AB3300C5A33B /* Debug */,
				B872ABC52230AB3300C5A33B /* Release */,
			);
			defaultConfigurationIsVisible = 0;
			defaultConfigurationName = Release;
		};
		B872ABC62230AB3300C5A33B /* Build configuration list for PBXNativeTarget "BetaGo" */ = {
			isa = XCConfigurationList;
			buildConfigurations = (
				B872ABC72230AB3300C5A33B /* Debug */,
				B872ABC82230AB3300C5A33B /* Release */,
			);
			defaultConfigurationIsVisible = 0;
			defaultConfigurationName = Release;
		};
/* End XCConfigurationList section */
	};
	rootObject = B872ABA82230AB3100C5A33B /* Project object */;
}
